
Microsoft Visual Studio Solution File, Format Version 12.00
# Visual Studio Version 16
VisualStudioVersion = 16.0.31702.278
MinimumVisualStudioVersion = 10.0.40219.1
Project("{FAE04EC0-301F-11D3-BF4B-00C04F79EFBC}") = "addressbooktests", "UnitTestProject1\addressbooktests.csproj", "{B56C5FE7-B316-4FC4-8D80-C57CCC3590E1}"
EndProject
Global
	GlobalSection(SolutionConfigurationPlatforms) = preSolution
		Debug|Any CPU = Debug|Any CPU
		Release|Any CPU = Release|Any CPU
	EndGlobalSection
	GlobalSection(ProjectConfigurationPlatforms) = postSolution
		{B56C5FE7-B316-4FC4-8D80-C57CCC3590E1}.Debug|Any CPU.ActiveCfg = Debug|Any CPU
		{B56C5FE7-B316-4FC4-8D80-C57CCC3590E1}.Debug|Any CPU.Build.0 = Debug|Any CPU
		{B56C5FE7-B316-4FC4-8D80-C57CCC3590E1}.Release|Any CPU.ActiveCfg = Release|Any CPU
		{B56C5FE7-B316-4FC4-8D80-C57CCC3590E1}.Release|Any CPU.Build.0 = Release|Any CPU
	EndGlobalSection
	GlobalSection(SolutionProperties) = preSolution
		HideSolutionNode = FALSE
	EndGlobalSection
	GlobalSection(ExtensibilityGlobals) = postSolution
		SolutionGuid = {AD78E63E-F1C6-4B22-AEB8-16C19E8459CF}
	EndGlobalSection
EndGlobal
